
Microsoft Visual Studio Solution File, Format Version 12.00
# Visual Studio Version 17
VisualStudioVersion = 17.5.33627.172
MinimumVisualStudioVersion = 10.0.40219.1
Project("{FAE04EC0-301F-11D3-BF4B-00C04F79EFBC}") = "julianIdentityApi", "julianIdentityApi\julianIdentityApi.csproj", "{FB5730E4-F073-4409-9DD8-F54CDAC36758}"
EndProject
Global
	GlobalSection(SolutionConfigurationPlatforms) = preSolution
		Debug|Any CPU = Debug|Any CPU
		Release|Any CPU = Release|Any CPU
	EndGlobalSection
	GlobalSection(ProjectConfigurationPlatforms) = postSolution
		{FB5730E4-F073-4409-9DD8-F54CDAC36758}.Debug|Any CPU.ActiveCfg = Debug|Any CPU
		{FB5730E4-F073-4409-9DD8-F54CDAC36758}.Debug|Any CPU.Build.0 = Debug|Any CPU
		{FB5730E4-F073-4409-9DD8-F54CDAC36758}.Release|Any CPU.ActiveCfg = Release|Any CPU
		{FB5730E4-F073-4409-9DD8-F54CDAC36758}.Release|Any CPU.Build.0 = Release|Any CPU
	EndGlobalSection
	GlobalSection(SolutionProperties) = preSolution
		HideSolutionNode = FALSE
	EndGlobalSection
	GlobalSection(ExtensibilityGlobals) = postSolution
		SolutionGuid = {2222B584-6040-494E-A6DE-8358BE830EE1}
	EndGlobalSection
EndGlobal
